# This file is automatically @generated by Poetry 2.1.3 and should not be changed by hand.

[[package]]
name = "anyio"
version = "4.9.0"
description = "High level compatibility layer for multiple asynchronous event loop implementations"
optional = false
python-versions = ">=3.9"
groups = ["main"]
files = [
    {file = "anyio-4.9.0-py3-none-any.whl", hash = "sha256:9f76d541cad6e36af7beb62e978876f3b41e3e04f2c1fbf0884604c0a9c4d93c"},
    {file = "anyio-4.9.0.tar.gz", hash = "sha256:673c0c244e15788651a4ff38710fea9675823028a6f08a5eda409e0c9840a028"},
]

[package.dependencies]
idna = ">=2.8"
sniffio = ">=1.1"

[package.extras]
doc = ["Sphinx (>=8.2,<9.0)", "packaging", "sphinx-autodoc-typehints (>=1.2.0)", "sphinx_rtd_theme"]
test = ["anyio[trio]", "blockbuster (>=1.5.23)", "coverage[toml] (>=7)", "exceptiongroup (>=1.2.0)", "hypothesis (>=4.0)", "psutil (>=5.9)", "pytest (>=7.0)", "trustme", "truststore (>=0.9.1) ; python_version >= \"3.10\"", "uvloop (>=0.21) ; platform_python_implementation == \"CPython\" and platform_system != \"Windows\" and python_version < \"3.14\""]
trio = ["trio (>=0.26.1)"]

[[package]]
name = "certifi"
version = "2025.4.26"
description = "Python package for providing Mozilla's CA Bundle."
optional = false
python-versions = ">=3.6"
groups = ["main"]
files = [
    {file = "certifi-2025.4.26-py3-none-any.whl", hash = "sha256:30350364dfe371162649852c63336a15c70c6510c2ad5015b21c2345311805f3"},
    {file = "certifi-2025.4.26.tar.gz", hash = "sha256:0a816057ea3cdefcef70270d2c515e4506bbc954f417fa5ade2021213bb8f0c6"},
]

[[package]]
name = "click"
version = "8.2.0"
description = "Composable command line interface toolkit"
optional = false
python-versions = ">=3.10"
groups = ["main"]
files = [
    {file = "click-8.2.0-py3-none-any.whl", hash = "sha256:6b303f0b2aa85f1cb4e5303078fadcbcd4e476f114fab9b5007005711839325c"},
    {file = "click-8.2.0.tar.gz", hash = "sha256:f5452aeddd9988eefa20f90f05ab66f17fce1ee2a36907fd30b05bbb5953814d"},
]

[package.dependencies]
colorama = {version = "*", markers = "platform_system == \"Windows\""}

[[package]]
name = "colorama"
version = "0.4.6"
description = "Cross-platform colored terminal text."
optional = false
python-versions = "!=3.0.*,!=3.1.*,!=3.2.*,!=3.3.*,!=3.4.*,!=3.5.*,!=3.6.*,>=2.7"
groups = ["main"]
markers = "platform_system == \"Windows\""
files = [
    {file = "colorama-0.4.6-py2.py3-none-any.whl", hash = "sha256:4f1d9991f5acc0ca119f9d443620b77f9d6b33703e51011c16baf57afb285fc6"},
    {file = "colorama-0.4.6.tar.gz", hash = "sha256:08695f5cb7ed6e0531a20572697297273c47b8cae5a63ffc6d6ed5c201be6e44"},
]

[[package]]
name = "dnspython"
version = "2.7.0"
description = "DNS toolkit"
optional = false
python-versions = ">=3.9"
groups = ["main"]
files = [
    {file = "dnspython-2.7.0-py3-none-any.whl", hash = "sha256:b4c34b7d10b51bcc3a5071e7b8dee77939f1e878477eeecc965e9835f63c6c86"},
    {file = "dnspython-2.7.0.tar.gz", hash = "sha256:ce9c432eda0dc91cf618a5cedf1a4e142651196bbcd2c80e89ed5a907e5cfaf1"},
]

[package.extras]
dev = ["black (>=23.1.0)", "coverage (>=7.0)", "flake8 (>=7)", "hypercorn (>=0.16.0)", "mypy (>=1.8)", "pylint (>=3)", "pytest (>=7.4)", "pytest-cov (>=4.1.0)", "quart-trio (>=0.11.0)", "sphinx (>=7.2.0)", "sphinx-rtd-theme (>=2.0.0)", "twine (>=4.0.0)", "wheel (>=0.42.0)"]
dnssec = ["cryptography (>=43)"]
doh = ["h2 (>=4.1.0)", "httpcore (>=1.0.0)", "httpx (>=0.26.0)"]
doq = ["aioquic (>=1.0.0)"]
idna = ["idna (>=3.7)"]
trio = ["trio (>=0.23)"]
wmi = ["wmi (>=1.5.1)"]

[[package]]
name = "h11"
version = "0.16.0"
description = "A pure-Python, bring-your-own-I/O implementation of HTTP/1.1"
optional = false
python-versions = ">=3.8"
groups = ["main"]
files = [
    {file = "h11-0.16.0-py3-none-any.whl", hash = "sha256:63cf8bbe7522de3bf65932fda1d9c2772064ffb3dae62d55932da54b31cb6c86"},
    {file = "h11-0.16.0.tar.gz", hash = "sha256:4e35b956cf45792e4caa5885e69fba00bdbc6ffafbfa020300e549b208ee5ff1"},
]

[[package]]
name = "httpcore"
version = "1.0.9"
description = "A minimal low-level HTTP client."
optional = false
python-versions = ">=3.8"
groups = ["main"]
files = [
    {file = "httpcore-1.0.9-py3-none-any.whl", hash = "sha256:2d400746a40668fc9dec9810239072b40b4484b640a8c38fd654a024c7a1bf55"},
    {file = "httpcore-1.0.9.tar.gz", hash = "sha256:6e34463af53fd2ab5d807f399a9b45ea31c3dfa2276f15a2c3f00afff6e176e8"},
]

[package.dependencies]
certifi = "*"
h11 = ">=0.16"

[package.extras]
asyncio = ["anyio (>=4.0,<5.0)"]
http2 = ["h2 (>=3,<5)"]
socks = ["socksio (==1.*)"]
trio = ["trio (>=0.22.0,<1.0)"]

[[package]]
name = "httpx"
version = "0.28.1"
description = "The next generation HTTP client."
optional = false
python-versions = ">=3.8"
groups = ["main"]
files = [
    {file = "httpx-0.28.1-py3-none-any.whl", hash = "sha256:d909fcccc110f8c7faf814ca82a9a4d816bc5a6dbfea25d6591d6985b8ba59ad"},
    {file = "httpx-0.28.1.tar.gz", hash = "sha256:75e98c5f16b0f35b567856f597f06ff2270a374470a5c2392242528e3e3e42fc"},
]

[package.dependencies]
anyio = "*"
certifi = "*"
httpcore = "==1.*"
idna = "*"

[package.extras]
brotli = ["brotli ; platform_python_implementation == \"CPython\"", "brotlicffi ; platform_python_implementation != \"CPython\""]
cli = ["click (==8.*)", "pygments (==2.*)", "rich (>=10,<14)"]
http2 = ["h2 (>=3,<5)"]
socks = ["socksio (==1.*)"]
zstd = ["zstandard (>=0.18.0)"]

[[package]]
name = "idna"
version = "3.10"
description = "Internationalized Domain Names in Applications (IDNA)"
optional = false
python-versions = ">=3.6"
groups = ["main"]
files = [
    {file = "idna-3.10-py3-none-any.whl", hash = "sha256:946d195a0d259cbba61165e88e65941f16e9b36ea6ddb97f00452bae8b1287d3"},
    {file = "idna-3.10.tar.gz", hash = "sha256:12f65c9b470abda6dc35cf8e63cc574b1c52b11df2c86030af0ac09b01b13ea9"},
]

[package.extras]
all = ["flake8 (>=7.1.1)", "mypy (>=1.11.2)", "pytest (>=8.3.2)", "ruff (>=0.6.2)"]

[[package]]
name = "litestar"
version = "2.16.0"
description = "Litestar - A production-ready, highly performant, extensible ASGI API Framework"
optional = false
python-versions = ">=3.9,<4.0"
groups = ["main"]
files = []
develop = false

[package.dependencies]
anyio = ">=3"
click = "*"
httpx = ">=0.22"
litestar-htmx = ">=0.4.0"
msgspec = ">=0.19.0"
multidict = ">=6.0.2"
multipart = ">=1.2.0"
rich = ">=13.0.0"
rich-click = "*"
typing-extensions = "*"

[package.extras]
annotated-types = ["annotated-types"]
attrs = ["attrs"]
brotli = ["brotli"]
cli = ["jsbeautifier", "uvicorn[standard]", "uvloop (>=0.18.0) ; sys_platform != \"win32\""]
cryptography = ["cryptography"]
full = ["litestar[annotated-types,attrs,brotli,cli,cryptography,htmx,jinja,jwt,mako,minijinja,opentelemetry,piccolo,picologging,polyfactory,prometheus,pydantic,redis,sqlalchemy,standard,structlog,valkey,yaml] ; python_version < \"3.13\"", "litestar[annotated-types,attrs,brotli,cli,cryptography,htmx,jinja,jwt,mako,minijinja,opentelemetry,piccolo,polyfactory,prometheus,pydantic,redis,sqlalchemy,standard,structlog,valkey,yaml] ; python_version >= \"3.13\""]
htmx = ["litestar-htmx (>=0.4.0)"]
jinja = ["jinja2 (>=3.1.2)"]
jwt = ["cryptography", "pyjwt (>=2.9.0)"]
mako = ["mako (>=1.2.4)"]
minijinja = ["minijinja (>=1.0.0)"]
opentelemetry = ["opentelemetry-instrumentation-asgi"]
piccolo = ["piccolo"]
picologging = ["picologging ; python_version < \"3.13\""]
polyfactory = ["polyfactory (>=2.6.3)"]
prometheus = ["prometheus-client"]
pydantic = ["email-validator", "pydantic", "pydantic-extra-types"]
redis = ["redis[hiredis] (>=4.4.4)"]
sqlalchemy = ["advanced-alchemy (>=1.1.0)"]
standard = ["fast-query-parsers (>=1.0.2)", "jinja2", "jsbeautifier", "uvicorn[standard]", "uvloop (>=0.18.0) ; sys_platform != \"win32\""]
structlog = ["structlog"]
valkey = ["valkey[libvalkey] (>=6.0.2)"]
yaml = ["pyyaml"]

[package.source]
type = "git"
url = "https://github.com/litestar-org/litestar.git"
reference = "v3.0"
resolved_reference = "02fdd06a8baf67a8dd50fb26ecfe1bc20b353ecb"

[[package]]
name = "litestar-htmx"
version = "0.4.1"
description = "HTMX Integration for Litesstar"
optional = false
python-versions = "<4.0,>=3.8"
groups = ["main"]
files = [
    {file = "litestar_htmx-0.4.1-py3-none-any.whl", hash = "sha256:ba2a8ff1e210f21980735b9cde13d239a2b7c3627cb4aeb425d66f4a314d1a59"},
    {file = "litestar_htmx-0.4.1.tar.gz", hash = "sha256:ba2537008eb8cc18bfc8bee5cecb280924c7818bb1c066d79eae4b221696ca08"},
]

[[package]]
name = "markdown-it-py"
version = "3.0.0"
description = "Python port of markdown-it. Markdown parsing, done right!"
optional = false
python-versions = ">=3.8"
groups = ["main"]
files = [
    {file = "markdown-it-py-3.0.0.tar.gz", hash = "sha256:e3f60a94fa066dc52ec76661e37c851cb232d92f9886b15cb560aaada2df8feb"},
    {file = "markdown_it_py-3.0.0-py3-none-any.whl", hash = "sha256:355216845c60bd96232cd8d8c40e8f9765cc86f46880e43a8fd22dc1a1a8cab1"},
]

[package.dependencies]
mdurl = ">=0.1,<1.0"

[package.extras]
benchmarking = ["psutil", "pytest", "pytest-benchmark"]
code-style = ["pre-commit (>=3.0,<4.0)"]
compare = ["commonmark (>=0.9,<1.0)", "markdown (>=3.4,<4.0)", "mistletoe (>=1.0,<2.0)", "mistune (>=2.0,<3.0)", "panflute (>=2.3,<3.0)"]
linkify = ["linkify-it-py (>=1,<3)"]
plugins = ["mdit-py-plugins"]
profiling = ["gprof2dot"]
rtd = ["jupyter_sphinx", "mdit-py-plugins", "myst-parser", "pyyaml", "sphinx", "sphinx-copybutton", "sphinx-design", "sphinx_book_theme"]
testing = ["coverage", "pytest", "pytest-cov", "pytest-regressions"]

[[package]]
name = "mdurl"
version = "0.1.2"
description = "Markdown URL utilities"
optional = false
python-versions = ">=3.7"
groups = ["main"]
files = [
    {file = "mdurl-0.1.2-py3-none-any.whl", hash = "sha256:84008a41e51615a49fc9966191ff91509e3c40b939176e643fd50a5c2196b8f8"},
    {file = "mdurl-0.1.2.tar.gz", hash = "sha256:bb413d29f5eea38f31dd4754dd7377d4465116fb207585f97bf925588687c1ba"},
]

[[package]]
name = "msgspec"
version = "0.19.0"
description = "A fast serialization and validation library, with builtin support for JSON, MessagePack, YAML, and TOML."
optional = false
python-versions = ">=3.9"
groups = ["main"]
files = [
    {file = "msgspec-0.19.0-cp310-cp310-macosx_10_9_x86_64.whl", hash = "sha256:d8dd848ee7ca7c8153462557655570156c2be94e79acec3561cf379581343259"},
    {file = "msgspec-0.19.0-cp310-cp310-macosx_11_0_arm64.whl", hash = "sha256:0553bbc77662e5708fe66aa75e7bd3e4b0f209709c48b299afd791d711a93c36"},
    {file = "msgspec-0.19.0-cp310-cp310-manylinux_2_17_aarch64.manylinux2014_aarch64.whl", hash = "sha256:fe2c4bf29bf4e89790b3117470dea2c20b59932772483082c468b990d45fb947"},
    {file = "msgspec-0.19.0-cp310-cp310-manylinux_2_17_x86_64.manylinux2014_x86_64.whl", hash = "sha256:00e87ecfa9795ee5214861eab8326b0e75475c2e68a384002aa135ea2a27d909"},
    {file = "msgspec-0.19.0-cp310-cp310-musllinux_1_2_aarch64.whl", hash = "sha256:3c4ec642689da44618f68c90855a10edbc6ac3ff7c1d94395446c65a776e712a"},
    {file = "msgspec-0.19.0-cp310-cp310-musllinux_1_2_x86_64.whl", hash = "sha256:2719647625320b60e2d8af06b35f5b12d4f4d281db30a15a1df22adb2295f633"},
    {file = "msgspec-0.19.0-cp310-cp310-win_amd64.whl", hash = "sha256:695b832d0091edd86eeb535cd39e45f3919f48d997685f7ac31acb15e0a2ed90"},
    {file = "msgspec-0.19.0-cp311-cp311-macosx_10_9_x86_64.whl", hash = "sha256:aa77046904db764b0462036bc63ef71f02b75b8f72e9c9dd4c447d6da1ed8f8e"},
    {file = "msgspec-0.19.0-cp311-cp311-macosx_11_0_arm64.whl", hash = "sha256:047cfa8675eb3bad68722cfe95c60e7afabf84d1bd8938979dd2b92e9e4a9551"},
    {file = "msgspec-0.19.0-cp311-cp311-manylinux_2_17_aarch64.manylinux2014_aarch64.whl", hash = "sha256:e78f46ff39a427e10b4a61614a2777ad69559cc8d603a7c05681f5a595ea98f7"},
    {file = "msgspec-0.19.0-cp311-cp311-manylinux_2_17_x86_64.manylinux2014_x86_64.whl", hash = "sha256:6c7adf191e4bd3be0e9231c3b6dc20cf1199ada2af523885efc2ed218eafd011"},
    {file = "msgspec-0.19.0-cp311-cp311-musllinux_1_2_aarch64.whl", hash = "sha256:f04cad4385e20be7c7176bb8ae3dca54a08e9756cfc97bcdb4f18560c3042063"},
    {file = "msgspec-0.19.0-cp311-cp311-musllinux_1_2_x86_64.whl", hash = "sha256:45c8fb410670b3b7eb884d44a75589377c341ec1392b778311acdbfa55187716"},
    {file = "msgspec-0.19.0-cp311-cp311-win_amd64.whl", hash = "sha256:70eaef4934b87193a27d802534dc466778ad8d536e296ae2f9334e182ac27b6c"},
    {file = "msgspec-0.19.0-cp312-cp312-macosx_10_13_x86_64.whl", hash = "sha256:f98bd8962ad549c27d63845b50af3f53ec468b6318400c9f1adfe8b092d7b62f"},
    {file = "msgspec-0.19.0-cp312-cp312-macosx_11_0_arm64.whl", hash = "sha256:43bbb237feab761b815ed9df43b266114203f53596f9b6e6f00ebd79d178cdf2"},
    {file = "msgspec-0.19.0-cp312-cp312-manylinux_2_17_aarch64.manylinux2014_aarch64.whl", hash = "sha256:4cfc033c02c3e0aec52b71710d7f84cb3ca5eb407ab2ad23d75631153fdb1f12"},
    {file = "msgspec-0.19.0-cp312-cp312-manylinux_2_17_x86_64.manylinux2014_x86_64.whl", hash = "sha256:d911c442571605e17658ca2b416fd8579c5050ac9adc5e00c2cb3126c97f73bc"},
    {file = "msgspec-0.19.0-cp312-cp312-musllinux_1_2_aarch64.whl", hash = "sha256:757b501fa57e24896cf40a831442b19a864f56d253679f34f260dcb002524a6c"},
    {file = "msgspec-0.19.0-cp312-cp312-musllinux_1_2_x86_64.whl", hash = "sha256:5f0f65f29b45e2816d8bded36e6b837a4bf5fb60ec4bc3c625fa2c6da4124537"},
    {file = "msgspec-0.19.0-cp312-cp312-win_amd64.whl", hash = "sha256:067f0de1c33cfa0b6a8206562efdf6be5985b988b53dd244a8e06f993f27c8c0"},
    {file = "msgspec-0.19.0-cp313-cp313-macosx_10_13_x86_64.whl", hash = "sha256:f12d30dd6266557aaaf0aa0f9580a9a8fbeadfa83699c487713e355ec5f0bd86"},
    {file = "msgspec-0.19.0-cp313-cp313-macosx_11_0_arm64.whl", hash = "sha256:82b2c42c1b9ebc89e822e7e13bbe9d17ede0c23c187469fdd9505afd5a481314"},
    {file = "msgspec-0.19.0-cp313-cp313-manylinux_2_17_aarch64.manylinux2014_aarch64.whl", hash = "sha256:19746b50be214a54239aab822964f2ac81e38b0055cca94808359d779338c10e"},
    {file = "msgspec-0.19.0-cp313-cp313-manylinux_2_17_x86_64.manylinux2014_x86_64.whl", hash = "sha256:60ef4bdb0ec8e4ad62e5a1f95230c08efb1f64f32e6e8dd2ced685bcc73858b5"},
    {file = "msgspec-0.19.0-cp313-cp313-musllinux_1_2_aarch64.whl", hash = "sha256:ac7f7c377c122b649f7545810c6cd1b47586e3aa3059126ce3516ac7ccc6a6a9"},
    {file = "msgspec-0.19.0-cp313-cp313-musllinux_1_2_x86_64.whl", hash = "sha256:a5bc1472223a643f5ffb5bf46ccdede7f9795078194f14edd69e3aab7020d327"},
    {file = "msgspec-0.19.0-cp313-cp313-win_amd64.whl", hash = "sha256:317050bc0f7739cb30d257ff09152ca309bf5a369854bbf1e57dffc310c1f20f"},
    {file = "msgspec-0.19.0-cp39-cp39-macosx_10_9_x86_64.whl", hash = "sha256:15c1e86fff77184c20a2932cd9742bf33fe23125fa3fcf332df9ad2f7d483044"},
    {file = "msgspec-0.19.0-cp39-cp39-macosx_11_0_arm64.whl", hash = "sha256:3b5541b2b3294e5ffabe31a09d604e23a88533ace36ac288fa32a420aa38d229"},
    {file = "msgspec-0.19.0-cp39-cp39-manylinux_2_17_aarch64.manylinux2014_aarch64.whl", hash = "sha256:0f5c043ace7962ef188746e83b99faaa9e3e699ab857ca3f367b309c8e2c6b12"},
    {file = "msgspec-0.19.0-cp39-cp39-manylinux_2_17_x86_64.manylinux2014_x86_64.whl", hash = "sha256:ca06aa08e39bf57e39a258e1996474f84d0dd8130d486c00bec26d797b8c5446"},
    {file = "msgspec-0.19.0-cp39-cp39-musllinux_1_2_aarch64.whl", hash = "sha256:e695dad6897896e9384cf5e2687d9ae9feaef50e802f93602d35458e20d1fb19"},
    {file = "msgspec-0.19.0-cp39-cp39-musllinux_1_2_x86_64.whl", hash = "sha256:3be5c02e1fee57b54130316a08fe40cca53af92999a302a6054cd451700ea7db"},
    {file = "msgspec-0.19.0-cp39-cp39-win_amd64.whl", hash = "sha256:0684573a821be3c749912acf5848cce78af4298345cb2d7a8b8948a0a5a27cfe"},
    {file = "msgspec-0.19.0.tar.gz", hash = "sha256:604037e7cd475345848116e89c553aa9a233259733ab51986ac924ab1b976f8e"},
]

[package.extras]
dev = ["attrs", "coverage", "eval-type-backport ; python_version < \"3.10\"", "furo", "ipython", "msgpack", "mypy", "pre-commit", "pyright", "pytest", "pyyaml", "sphinx", "sphinx-copybutton", "sphinx-design", "tomli ; python_version < \"3.11\"", "tomli_w"]
doc = ["furo", "ipython", "sphinx", "sphinx-copybutton", "sphinx-design"]
test = ["attrs", "eval-type-backport ; python_version < \"3.10\"", "msgpack", "pytest", "pyyaml", "tomli ; python_version < \"3.11\"", "tomli_w"]
toml = ["tomli ; python_version < \"3.11\"", "tomli_w"]
yaml = ["pyyaml"]

[[package]]
name = "multidict"
version = "6.4.3"
description = "multidict implementation"
optional = false
python-versions = ">=3.9"
groups = ["main"]
files = [
    {file = "multidict-6.4.3-cp310-cp310-macosx_10_9_universal2.whl", hash = "sha256:32a998bd8a64ca48616eac5a8c1cc4fa38fb244a3facf2eeb14abe186e0f6cc5"},
    {file = "multidict-6.4.3-cp310-cp310-macosx_10_9_x86_64.whl", hash = "sha256:a54ec568f1fc7f3c313c2f3b16e5db346bf3660e1309746e7fccbbfded856188"},
    {file = "multidict-6.4.3-cp310-cp310-macosx_11_0_arm64.whl", hash = "sha256:a7be07e5df178430621c716a63151165684d3e9958f2bbfcb644246162007ab7"},
    {file = "multidict-6.4.3-cp310-cp310-manylinux_2_17_aarch64.manylinux2014_aarch64.whl", hash = "sha256:b128dbf1c939674a50dd0b28f12c244d90e5015e751a4f339a96c54f7275e291"},
    {file = "multidict-6.4.3-cp310-cp310-manylinux_2_17_armv7l.manylinux2014_armv7l.manylinux_2_31_armv7l.whl", hash = "sha256:b9cb19dfd83d35b6ff24a4022376ea6e45a2beba8ef3f0836b8a4b288b6ad685"},
    {file = "multidict-6.4.3-cp310-cp310-manylinux_2_17_ppc64le.manylinux2014_ppc64le.whl", hash = "sha256:3cf62f8e447ea2c1395afa289b332e49e13d07435369b6f4e41f887db65b40bf"},
    {file = "multidict-6.4.3-cp310-cp310-manylinux_2_17_s390x.manylinux2014_s390x.whl", hash = "sha256:909f7d43ff8f13d1adccb6a397094adc369d4da794407f8dd592c51cf0eae4b1"},
    {file = "multidict-6.4.3-cp310-cp310-manylinux_2_17_x86_64.manylinux2014_x86_64.whl", hash = "sha256:0bb8f8302fbc7122033df959e25777b0b7659b1fd6bcb9cb6bed76b5de67afef"},
    {file = "multidict-6.4.3-cp310-cp310-manylinux_2_5_i686.manylinux1_i686.manylinux_2_17_i686.manylinux2014_i686.whl", hash = "sha256:224b79471b4f21169ea25ebc37ed6f058040c578e50ade532e2066562597b8a9"},
    {file = "multidict-6.4.3-cp310-cp310-musllinux_1_2_aarch64.whl", hash = "sha256:a7bd27f7ab3204f16967a6f899b3e8e9eb3362c0ab91f2ee659e0345445e0078"},
    {file = "multidict-6.4.3-cp310-cp310-musllinux_1_2_armv7l.whl", hash = "sha256:99592bd3162e9c664671fd14e578a33bfdba487ea64bcb41d281286d3c870ad7"},
    {file = "multidict-6.4.3-cp310-cp310-musllinux_1_2_i686.whl", hash = "sha256:a62d78a1c9072949018cdb05d3c533924ef8ac9bcb06cbf96f6d14772c5cd451"},
    {file = "multidict-6.4.3-cp310-cp310-musllinux_1_2_ppc64le.whl", hash = "sha256:3ccdde001578347e877ca4f629450973c510e88e8865d5aefbcb89b852ccc666"},
    {file = "multidict-6.4.3-cp310-cp310-musllinux_1_2_s390x.whl", hash = "sha256:eccb67b0e78aa2e38a04c5ecc13bab325a43e5159a181a9d1a6723db913cbb3c"},
    {file = "multidict-6.4.3-cp310-cp310-musllinux_1_2_x86_64.whl", hash = "sha256:8b6fcf6054fc4114a27aa865f8840ef3d675f9316e81868e0ad5866184a6cba5"},
    {file = "multidict-6.4.3-cp310-cp310-win32.whl", hash = "sha256:f92c7f62d59373cd93bc9969d2da9b4b21f78283b1379ba012f7ee8127b3152e"},
    {file = "multidict-6.4.3-cp310-cp310-win_amd64.whl", hash = "sha256:b57e28dbc031d13916b946719f213c494a517b442d7b48b29443e79610acd887"},
    {file = "multidict-6.4.3-cp311-cp311-macosx_10_9_universal2.whl", hash = "sha256:f6f19170197cc29baccd33ccc5b5d6a331058796485857cf34f7635aa25fb0cd"},
    {file = "multidict-6.4.3-cp311-cp311-macosx_10_9_x86_64.whl", hash = "sha256:f2882bf27037eb687e49591690e5d491e677272964f9ec7bc2abbe09108bdfb8"},
    {file = "multidict-6.4.3-cp311-cp311-macosx_11_0_arm64.whl", hash = "sha256:fbf226ac85f7d6b6b9ba77db4ec0704fde88463dc17717aec78ec3c8546c70ad"},
    {file = "multidict-6.4.3-cp311-cp311-manylinux_2_17_aarch64.manylinux2014_aarch64.whl", hash = "sha256:2e329114f82ad4b9dd291bef614ea8971ec119ecd0f54795109976de75c9a852"},
    {file = "multidict-6.4.3-cp311-cp311-manylinux_2_17_armv7l.manylinux2014_armv7l.manylinux_2_31_armv7l.whl", hash = "sha256:1f4e0334d7a555c63f5c8952c57ab6f1c7b4f8c7f3442df689fc9f03df315c08"},
    {file = "multidict-6.4.3-cp311-cp311-manylinux_2_17_ppc64le.manylinux2014_ppc64le.whl", hash = "sha256:740915eb776617b57142ce0bb13b7596933496e2f798d3d15a20614adf30d229"},
    {file = "multidict-6.4.3-cp311-cp311-manylinux_2_17_s390x.manylinux2014_s390x.whl", hash = "sha256:255dac25134d2b141c944b59a0d2f7211ca12a6d4779f7586a98b4b03ea80508"},
    {file = "multidict-6.4.3-cp311-cp311-manylinux_2_17_x86_64.manylinux2014_x86_64.whl", hash = "sha256:d4e8535bd4d741039b5aad4285ecd9b902ef9e224711f0b6afda6e38d7ac02c7"},
    {file = "multidict-6.4.3-cp311-cp311-manylinux_2_5_i686.manylinux1_i686.manylinux_2_17_i686.manylinux2014_i686.whl", hash = "sha256:30c433a33be000dd968f5750722eaa0991037be0be4a9d453eba121774985bc8"},
    {file = "multidict-6.4.3-cp311-cp311-musllinux_1_2_aarch64.whl", hash = "sha256:4eb33b0bdc50acd538f45041f5f19945a1f32b909b76d7b117c0c25d8063df56"},
    {file = "multidict-6.4.3-cp311-cp311-musllinux_1_2_armv7l.whl", hash = "sha256:75482f43465edefd8a5d72724887ccdcd0c83778ded8f0cb1e0594bf71736cc0"},
    {file = "multidict-6.4.3-cp311-cp311-musllinux_1_2_i686.whl", hash = "sha256:ce5b3082e86aee80b3925ab4928198450d8e5b6466e11501fe03ad2191c6d777"},
    {file = "multidict-6.4.3-cp311-cp311-musllinux_1_2_ppc64le.whl", hash = "sha256:e413152e3212c4d39f82cf83c6f91be44bec9ddea950ce17af87fbf4e32ca6b2"},
    {file = "multidict-6.4.3-cp311-cp311-musllinux_1_2_s390x.whl", hash = "sha256:8aac2eeff69b71f229a405c0a4b61b54bade8e10163bc7b44fcd257949620618"},
    {file = "multidict-6.4.3-cp311-cp311-musllinux_1_2_x86_64.whl", hash = "sha256:ab583ac203af1d09034be41458feeab7863c0635c650a16f15771e1386abf2d7"},
    {file = "multidict-6.4.3-cp311-cp311-win32.whl", hash = "sha256:1b2019317726f41e81154df636a897de1bfe9228c3724a433894e44cd2512378"},
    {file = "multidict-6.4.3-cp311-cp311-win_amd64.whl", hash = "sha256:43173924fa93c7486402217fab99b60baf78d33806af299c56133a3755f69589"},
    {file = "multidict-6.4.3-cp312-cp312-macosx_10_13_universal2.whl", hash = "sha256:1f1c2f58f08b36f8475f3ec6f5aeb95270921d418bf18f90dffd6be5c7b0e676"},
    {file = "multidict-6.4.3-cp312-cp312-macosx_10_13_x86_64.whl", hash = "sha256:26ae9ad364fc61b936fb7bf4c9d8bd53f3a5b4417142cd0be5c509d6f767e2f1"},
    {file = "multidict-6.4.3-cp312-cp312-macosx_11_0_arm64.whl", hash = "sha256:659318c6c8a85f6ecfc06b4e57529e5a78dfdd697260cc81f683492ad7e9435a"},
    {file = "multidict-6.4.3-cp312-cp312-manylinux_2_17_aarch64.manylinux2014_aarch64.whl", hash = "sha256:e1eb72c741fd24d5a28242ce72bb61bc91f8451877131fa3fe930edb195f7054"},
    {file = "multidict-6.4.3-cp312-cp312-manylinux_2_17_armv7l.manylinux2014_armv7l.manylinux_2_31_armv7l.whl", hash = "sha256:3cd06d88cb7398252284ee75c8db8e680aa0d321451132d0dba12bc995f0adcc"},
    {file = "multidict-6.4.3-cp312-cp312-manylinux_2_17_ppc64le.manylinux2014_ppc64le.whl", hash = "sha256:4543d8dc6470a82fde92b035a92529317191ce993533c3c0c68f56811164ed07"},
    {file = "multidict-6.4.3-cp312-cp312-manylinux_2_17_s390x.manylinux2014_s390x.whl", hash = "sha256:30a3ebdc068c27e9d6081fca0e2c33fdf132ecea703a72ea216b81a66860adde"},
    {file = "multidict-6.4.3-cp312-cp312-manylinux_2_17_x86_64.manylinux2014_x86_64.whl", hash = "sha256:b038f10e23f277153f86f95c777ba1958bcd5993194fda26a1d06fae98b2f00c"},
    {file = "multidict-6.4.3-cp312-cp312-manylinux_2_5_i686.manylinux1_i686.manylinux_2_17_i686.manylinux2014_i686.whl", hash = "sha256:c605a2b2dc14282b580454b9b5d14ebe0668381a3a26d0ac39daa0ca115eb2ae"},
    {file = "multidict-6.4.3-cp312-cp312-musllinux_1_2_aarch64.whl", hash = "sha256:8bd2b875f4ca2bb527fe23e318ddd509b7df163407b0fb717df229041c6df5d3"},
    {file = "multidict-6.4.3-cp312-cp312-musllinux_1_2_armv7l.whl", hash = "sha256:c2e98c840c9c8e65c0e04b40c6c5066c8632678cd50c8721fdbcd2e09f21a507"},
    {file = "multidict-6.4.3-cp312-cp312-musllinux_1_2_i686.whl", hash = "sha256:66eb80dd0ab36dbd559635e62fba3083a48a252633164857a1d1684f14326427"},
    {file = "multidict-6.4.3-cp312-cp312-musllinux_1_2_ppc64le.whl", hash = "sha256:c23831bdee0a2a3cf21be057b5e5326292f60472fb6c6f86392bbf0de70ba731"},
    {file = "multidict-6.4.3-cp312-cp312-musllinux_1_2_s390x.whl", hash = "sha256:1535cec6443bfd80d028052e9d17ba6ff8a5a3534c51d285ba56c18af97e9713"},
    {file = "multidict-6.4.3-cp312-cp312-musllinux_1_2_x86_64.whl", hash = "sha256:3b73e7227681f85d19dec46e5b881827cd354aabe46049e1a61d2f9aaa4e285a"},
    {file = "multidict-6.4.3-cp312-cp312-win32.whl", hash = "sha256:8eac0c49df91b88bf91f818e0a24c1c46f3622978e2c27035bfdca98e0e18124"},
    {file = "multidict-6.4.3-cp312-cp312-win_amd64.whl", hash = "sha256:11990b5c757d956cd1db7cb140be50a63216af32cd6506329c2c59d732d802db"},
    {file = "multidict-6.4.3-cp313-cp313-macosx_10_13_universal2.whl", hash = "sha256:7a76534263d03ae0cfa721fea40fd2b5b9d17a6f85e98025931d41dc49504474"},
    {file = "multidict-6.4.3-cp313-cp313-macosx_10_13_x86_64.whl", hash = "sha256:805031c2f599eee62ac579843555ed1ce389ae00c7e9f74c2a1b45e0564a88dd"},
    {file = "multidict-6.4.3-cp313-cp313-macosx_11_0_arm64.whl", hash = "sha256:c56c179839d5dcf51d565132185409d1d5dd8e614ba501eb79023a6cab25576b"},
    {file = "multidict-6.4.3-cp313-cp313-manylinux_2_17_aarch64.manylinux2014_aarch64.whl", hash = "sha256:9c64f4ddb3886dd8ab71b68a7431ad4aa01a8fa5be5b11543b29674f29ca0ba3"},
    {file = "multidict-6.4.3-cp313-cp313-manylinux_2_17_armv7l.manylinux2014_armv7l.manylinux_2_31_armv7l.whl", hash = "sha256:3002a856367c0b41cad6784f5b8d3ab008eda194ed7864aaa58f65312e2abcac"},
    {file = "multidict-6.4.3-cp313-cp313-manylinux_2_17_ppc64le.manylinux2014_ppc64le.whl", hash = "sha256:3d75e621e7d887d539d6e1d789f0c64271c250276c333480a9e1de089611f790"},
    {file = "multidict-6.4.3-cp313-cp313-manylinux_2_17_s390x.manylinux2014_s390x.whl", hash = "sha256:995015cf4a3c0d72cbf453b10a999b92c5629eaf3a0c3e1efb4b5c1f602253bb"},
    {file = "multidict-6.4.3-cp313-cp313-manylinux_2_17_x86_64.manylinux2014_x86_64.whl", hash = "sha256:a2b0fabae7939d09d7d16a711468c385272fa1b9b7fb0d37e51143585d8e72e0"},
    {file = "multidict-6.4.3-cp313-cp313-manylinux_2_5_i686.manylinux1_i686.manylinux_2_17_i686.manylinux2014_i686.whl", hash = "sha256:61ed4d82f8a1e67eb9eb04f8587970d78fe7cddb4e4d6230b77eda23d27938f9"},
    {file = "multidict-6.4.3-cp313-cp313-musllinux_1_2_aarch64.whl", hash = "sha256:062428944a8dc69df9fdc5d5fc6279421e5f9c75a9ee3f586f274ba7b05ab3c8"},
    {file = "multidict-6.4.3-cp313-cp313-musllinux_1_2_armv7l.whl", hash = "sha256:b90e27b4674e6c405ad6c64e515a505c6d113b832df52fdacb6b1ffd1fa9a1d1"},
    {file = "multidict-6.4.3-cp313-cp313-musllinux_1_2_i686.whl", hash = "sha256:7d50d4abf6729921e9613d98344b74241572b751c6b37feed75fb0c37bd5a817"},
    {file = "multidict-6.4.3-cp313-cp313-musllinux_1_2_ppc64le.whl", hash = "sha256:43fe10524fb0a0514be3954be53258e61d87341008ce4914f8e8b92bee6f875d"},
    {file = "multidict-6.4.3-cp313-cp313-musllinux_1_2_s390x.whl", hash = "sha256:236966ca6c472ea4e2d3f02f6673ebfd36ba3f23159c323f5a496869bc8e47c9"},
    {file = "multidict-6.4.3-cp313-cp313-musllinux_1_2_x86_64.whl", hash = "sha256:422a5ec315018e606473ba1f5431e064cf8b2a7468019233dcf8082fabad64c8"},
    {file = "multidict-6.4.3-cp313-cp313-win32.whl", hash = "sha256:f901a5aace8e8c25d78960dcc24c870c8d356660d3b49b93a78bf38eb682aac3"},
    {file = "multidict-6.4.3-cp313-cp313-win_amd64.whl", hash = "sha256:1c152c49e42277bc9a2f7b78bd5fa10b13e88d1b0328221e7aef89d5c60a99a5"},
    {file = "multidict-6.4.3-cp313-cp313t-macosx_10_13_universal2.whl", hash = "sha256:be8751869e28b9c0d368d94f5afcb4234db66fe8496144547b4b6d6a0645cfc6"},
    {file = "multidict-6.4.3-cp313-cp313t-macosx_10_13_x86_64.whl", hash = "sha256:0d4b31f8a68dccbcd2c0ea04f0e014f1defc6b78f0eb8b35f2265e8716a6df0c"},
    {file = "multidict-6.4.3-cp313-cp313t-macosx_11_0_arm64.whl", hash = "sha256:032efeab3049e37eef2ff91271884303becc9e54d740b492a93b7e7266e23756"},
    {file = "multidict-6.4.3-cp313-cp313t-manylinux_2_17_aarch64.manylinux2014_aarch64.whl", hash = "sha256:9e78006af1a7c8a8007e4f56629d7252668344442f66982368ac06522445e375"},
    {file = "multidict-6.4.3-cp313-cp313t-manylinux_2_17_armv7l.manylinux2014_armv7l.manylinux_2_31_armv7l.whl", hash = "sha256:daeac9dd30cda8703c417e4fddccd7c4dc0c73421a0b54a7da2713be125846be"},
    {file = "multidict-6.4.3-cp313-cp313t-manylinux_2_17_ppc64le.manylinux2014_ppc64le.whl", hash = "sha256:1f6f90700881438953eae443a9c6f8a509808bc3b185246992c4233ccee37fea"},
    {file = "multidict-6.4.3-cp313-cp313t-manylinux_2_17_s390x.manylinux2014_s390x.whl", hash = "sha256:f84627997008390dd15762128dcf73c3365f4ec0106739cde6c20a07ed198ec8"},
    {file = "multidict-6.4.3-cp313-cp313t-manylinux_2_17_x86_64.manylinux2014_x86_64.whl", hash = "sha256:3307b48cd156153b117c0ea54890a3bdbf858a5b296ddd40dc3852e5f16e9b02"},
    {file = "multidict-6.4.3-cp313-cp313t-manylinux_2_5_i686.manylinux1_i686.manylinux_2_17_i686.manylinux2014_i686.whl", hash = "sha256:ead46b0fa1dcf5af503a46e9f1c2e80b5d95c6011526352fa5f42ea201526124"},
    {file = "multidict-6.4.3-cp313-cp313t-musllinux_1_2_aarch64.whl", hash = "sha256:1748cb2743bedc339d63eb1bca314061568793acd603a6e37b09a326334c9f44"},
    {file = "multidict-6.4.3-cp313-cp313t-musllinux_1_2_armv7l.whl", hash = "sha256:acc9fa606f76fc111b4569348cc23a771cb52c61516dcc6bcef46d612edb483b"},
    {file = "multidict-6.4.3-cp313-cp313t-musllinux_1_2_i686.whl", hash = "sha256:31469d5832b5885adeb70982e531ce86f8c992334edd2f2254a10fa3182ac504"},
    {file = "multidict-6.4.3-cp313-cp313t-musllinux_1_2_ppc64le.whl", hash = "sha256:ba46b51b6e51b4ef7bfb84b82f5db0dc5e300fb222a8a13b8cd4111898a869cf"},
    {file = "multidict-6.4.3-cp313-cp313t-musllinux_1_2_s390x.whl", hash = "sha256:389cfefb599edf3fcfd5f64c0410da686f90f5f5e2c4d84e14f6797a5a337af4"},
    {file = "multidict-6.4.3-cp313-cp313t-musllinux_1_2_x86_64.whl", hash = "sha256:64bc2bbc5fba7b9db5c2c8d750824f41c6994e3882e6d73c903c2afa78d091e4"},
    {file = "multidict-6.4.3-cp313-cp313t-win32.whl", hash = "sha256:0ecdc12ea44bab2807d6b4a7e5eef25109ab1c82a8240d86d3c1fc9f3b72efd5"},
    {file = "multidict-6.4.3-cp313-cp313t-win_amd64.whl", hash = "sha256:7146a8742ea71b5d7d955bffcef58a9e6e04efba704b52a460134fefd10a8208"},
    {file = "multidict-6.4.3-cp39-cp39-macosx_10_9_universal2.whl", hash = "sha256:5427a2679e95a642b7f8b0f761e660c845c8e6fe3141cddd6b62005bd133fc21"},
    {file = "multidict-6.4.3-cp39-cp39-macosx_10_9_x86_64.whl", hash = "sha256:24a8caa26521b9ad09732972927d7b45b66453e6ebd91a3c6a46d811eeb7349b"},
    {file = "multidict-6.4.3-cp39-cp39-macosx_11_0_arm64.whl", hash = "sha256:6b5a272bc7c36a2cd1b56ddc6bff02e9ce499f9f14ee4a45c45434ef083f2459"},
    {file = "multidict-6.4.3-cp39-cp39-manylinux_2_17_aarch64.manylinux2014_aarch64.whl", hash = "sha256:edf74dc5e212b8c75165b435c43eb0d5e81b6b300a938a4eb82827119115e840"},
    {file = "multidict-6.4.3-cp39-cp39-manylinux_2_17_armv7l.manylinux2014_armv7l.manylinux_2_31_armv7l.whl", hash = "sha256:9f35de41aec4b323c71f54b0ca461ebf694fb48bec62f65221f52e0017955b39"},
    {file = "multidict-6.4.3-cp39-cp39-manylinux_2_17_ppc64le.manylinux2014_ppc64le.whl", hash = "sha256:ae93e0ff43b6f6892999af64097b18561691ffd835e21a8348a441e256592e1f"},
    {file = "multidict-6.4.3-cp39-cp39-manylinux_2_17_s390x.manylinux2014_s390x.whl", hash = "sha256:5e3929269e9d7eff905d6971d8b8c85e7dbc72c18fb99c8eae6fe0a152f2e343"},
    {file = "multidict-6.4.3-cp39-cp39-manylinux_2_17_x86_64.manylinux2014_x86_64.whl", hash = "sha256:fb6214fe1750adc2a1b801a199d64b5a67671bf76ebf24c730b157846d0e90d2"},
    {file = "multidict-6.4.3-cp39-cp39-manylinux_2_5_i686.manylinux1_i686.manylinux_2_17_i686.manylinux2014_i686.whl", hash = "sha256:6d79cf5c0c6284e90f72123f4a3e4add52d6c6ebb4a9054e88df15b8d08444c6"},
    {file = "multidict-6.4.3-cp39-cp39-musllinux_1_2_aarch64.whl", hash = "sha256:2427370f4a255262928cd14533a70d9738dfacadb7563bc3b7f704cc2360fc4e"},
    {file = "multidict-6.4.3-cp39-cp39-musllinux_1_2_armv7l.whl", hash = "sha256:fbd8d737867912b6c5f99f56782b8cb81f978a97b4437a1c476de90a3e41c9a1"},
    {file = "multidict-6.4.3-cp39-cp39-musllinux_1_2_i686.whl", hash = "sha256:0ee1bf613c448997f73fc4efb4ecebebb1c02268028dd4f11f011f02300cf1e8"},
    {file = "multidict-6.4.3-cp39-cp39-musllinux_1_2_ppc64le.whl", hash = "sha256:578568c4ba5f2b8abd956baf8b23790dbfdc953e87d5b110bce343b4a54fc9e7"},
    {file = "multidict-6.4.3-cp39-cp39-musllinux_1_2_s390x.whl", hash = "sha256:a059ad6b80de5b84b9fa02a39400319e62edd39d210b4e4f8c4f1243bdac4752"},
    {file = "multidict-6.4.3-cp39-cp39-musllinux_1_2_x86_64.whl", hash = "sha256:dd53893675b729a965088aaadd6a1f326a72b83742b056c1065bdd2e2a42b4df"},
    {file = "multidict-6.4.3-cp39-cp39-win32.whl", hash = "sha256:abcfed2c4c139f25c2355e180bcc077a7cae91eefbb8b3927bb3f836c9586f1f"},
    {file = "multidict-6.4.3-cp39-cp39-win_amd64.whl", hash = "sha256:b1b389ae17296dd739015d5ddb222ee99fd66adeae910de21ac950e00979d897"},
    {file = "multidict-6.4.3-py3-none-any.whl", hash = "sha256:59fe01ee8e2a1e8ceb3f6dbb216b09c8d9f4ef1c22c4fc825d045a147fa2ebc9"},
    {file = "multidict-6.4.3.tar.gz", hash = "sha256:3ada0b058c9f213c5f95ba301f922d402ac234f1111a7d8fd70f1b99f3c281ec"},
]

[[package]]
name = "multipart"
version = "1.2.1"
description = "Parser for multipart/form-data"
optional = false
python-versions = ">=3.8"
groups = ["main"]
files = [
    {file = "multipart-1.2.1-py3-none-any.whl", hash = "sha256:c03dc203bc2e67f6b46a599467ae0d87cf71d7530504b2c1ff4a9ea21d8b8c8c"},
    {file = "multipart-1.2.1.tar.gz", hash = "sha256:829b909b67bc1ad1c6d4488fcdc6391c2847842b08323addf5200db88dbe9480"},
]

[package.extras]
dev = ["build", "pytest", "pytest-cov", "twine"]
docs = ["sphinx (>=8,<9)", "sphinx-autobuild"]

[[package]]
name = "nodeenv"
version = "1.9.1"
description = "Node.js virtual environment builder"
optional = false
python-versions = "!=3.0.*,!=3.1.*,!=3.2.*,!=3.3.*,!=3.4.*,!=3.5.*,!=3.6.*,>=2.7"
groups = ["dev"]
files = [
    {file = "nodeenv-1.9.1-py2.py3-none-any.whl", hash = "sha256:ba11c9782d29c27c70ffbdda2d7415098754709be8a7056d79a737cd901155c9"},
    {file = "nodeenv-1.9.1.tar.gz", hash = "sha256:6ec12890a2dab7946721edbfbcd91f3319c6ccc9aec47be7c7e6b7011ee6645f"},
]

[[package]]
name = "psutil"
version = "7.0.0"
description = "Cross-platform lib for process and system monitoring in Python.  NOTE: the syntax of this script MUST be kept compatible with Python 2.7."
optional = false
python-versions = ">=3.6"
groups = ["main"]
files = [
    {file = "psutil-7.0.0-cp36-abi3-macosx_10_9_x86_64.whl", hash = "sha256:101d71dc322e3cffd7cea0650b09b3d08b8e7c4109dd6809fe452dfd00e58b25"},
    {file = "psutil-7.0.0-cp36-abi3-macosx_11_0_arm64.whl", hash = "sha256:39db632f6bb862eeccf56660871433e111b6ea58f2caea825571951d4b6aa3da"},
    {file = "psutil-7.0.0-cp36-abi3-manylinux_2_12_i686.manylinux2010_i686.manylinux_2_17_i686.manylinux2014_i686.whl", hash = "sha256:1fcee592b4c6f146991ca55919ea3d1f8926497a713ed7faaf8225e174581e91"},
    {file = "psutil-7.0.0-cp36-abi3-manylinux_2_12_x86_64.manylinux2010_x86_64.manylinux_2_17_x86_64.manylinux2014_x86_64.whl", hash = "sha256:4b1388a4f6875d7e2aff5c4ca1cc16c545ed41dd8bb596cefea80111db353a34"},
    {file = "psutil-7.0.0-cp36-abi3-manylinux_2_17_aarch64.manylinux2014_aarch64.whl", hash = "sha256:a5f098451abc2828f7dc6b58d44b532b22f2088f4999a937557b603ce72b1993"},
    {file = "psutil-7.0.0-cp36-cp36m-win32.whl", hash = "sha256:84df4eb63e16849689f76b1ffcb36db7b8de703d1bc1fe41773db487621b6c17"},
    {file = "psutil-7.0.0-cp36-cp36m-win_amd64.whl", hash = "sha256:1e744154a6580bc968a0195fd25e80432d3afec619daf145b9e5ba16cc1d688e"},
    {file = "psutil-7.0.0-cp37-abi3-win32.whl", hash = "sha256:ba3fcef7523064a6c9da440fc4d6bd07da93ac726b5733c29027d7dc95b39d99"},
    {file = "psutil-7.0.0-cp37-abi3-win_amd64.whl", hash = "sha256:4cf3d4eb1aa9b348dec30105c55cd9b7d4629285735a102beb4441e38db90553"},
    {file = "psutil-7.0.0.tar.gz", hash = "sha256:7be9c3eba38beccb6495ea33afd982a44074b78f28c434a1f51cc07fd315c456"},
]

[package.extras]
dev = ["abi3audit", "black (==24.10.0)", "check-manifest", "coverage", "packaging", "pylint", "pyperf", "pypinfo", "pytest", "pytest-cov", "pytest-xdist", "requests", "rstcheck", "ruff", "setuptools", "sphinx", "sphinx_rtd_theme", "toml-sort", "twine", "virtualenv", "vulture", "wheel"]
test = ["pytest", "pytest-xdist", "setuptools"]

[[package]]
name = "pygments"
version = "2.19.1"
description = "Pygments is a syntax highlighting package written in Python."
optional = false
python-versions = ">=3.8"
groups = ["main"]
files = [
    {file = "pygments-2.19.1-py3-none-any.whl", hash = "sha256:9ea1544ad55cecf4b8242fab6dd35a93bbce657034b0611ee383099054ab6d8c"},
    {file = "pygments-2.19.1.tar.gz", hash = "sha256:61c16d2a8576dc0649d9f39e089b5f02bcd27fba10d8fb4dcc28173f7a45151f"},
]

[package.extras]
windows-terminal = ["colorama (>=0.4.6)"]

[[package]]
name = "pyright"
version = "1.1.400"
description = "Command line wrapper for pyright"
optional = false
python-versions = ">=3.7"
groups = ["dev"]
files = [
    {file = "pyright-1.1.400-py3-none-any.whl", hash = "sha256:c80d04f98b5a4358ad3a35e241dbf2a408eee33a40779df365644f8054d2517e"},
    {file = "pyright-1.1.400.tar.gz", hash = "sha256:b8a3ba40481aa47ba08ffb3228e821d22f7d391f83609211335858bf05686bdb"},
]

[package.dependencies]
nodeenv = ">=1.6.0"
typing-extensions = ">=4.1"

[package.extras]
all = ["nodejs-wheel-binaries", "twine (>=3.4.1)"]
dev = ["twine (>=3.4.1)"]
nodejs = ["nodejs-wheel-binaries"]

[[package]]
name = "rich"
version = "14.0.0"
description = "Render rich text, tables, progress bars, syntax highlighting, markdown and more to the terminal"
optional = false
python-versions = ">=3.8.0"
groups = ["main"]
files = [
    {file = "rich-14.0.0-py3-none-any.whl", hash = "sha256:1c9491e1951aac09caffd42f448ee3d04e58923ffe14993f6e83068dc395d7e0"},
    {file = "rich-14.0.0.tar.gz", hash = "sha256:82f1bc23a6a21ebca4ae0c45af9bdbc492ed20231dcb63f297d6d1021a9d5725"},
]

[package.dependencies]
markdown-it-py = ">=2.2.0"
pygments = ">=2.13.0,<3.0.0"

[package.extras]
jupyter = ["ipywidgets (>=7.5.1,<9)"]

[[package]]
name = "rich-click"
version = "1.8.8"
description = "Format click help output nicely with rich"
optional = false
python-versions = ">=3.7"
groups = ["main"]
files = [
    {file = "rich_click-1.8.8-py3-none-any.whl", hash = "sha256:205aabd5a98e64ab2c105dee9e368be27480ba004c7dfa2accd0ed44f9f1550e"},
    {file = "rich_click-1.8.8.tar.gz", hash = "sha256:547c618dea916620af05d4a6456da797fbde904c97901f44d2f32f89d85d6c84"},
]

[package.dependencies]
click = ">=7"
rich = ">=10.7"
typing_extensions = ">=4"

[package.extras]
dev = ["mypy", "packaging", "pre-commit", "pytest", "pytest-cov", "rich-codex", "ruff", "types-setuptools"]
docs = ["markdown_include", "mkdocs", "mkdocs-glightbox", "mkdocs-material-extensions", "mkdocs-material[imaging] (>=9.5.18,<9.6.0)", "mkdocs-rss-plugin", "mkdocstrings[python]", "rich-codex"]

[[package]]
name = "ruff"
version = "0.11.9"
description = "An extremely fast Python linter and code formatter, written in Rust."
optional = false
python-versions = ">=3.7"
groups = ["dev"]
files = [
    {file = "ruff-0.11.9-py3-none-linux_armv6l.whl", hash = "sha256:a31a1d143a5e6f499d1fb480f8e1e780b4dfdd580f86e05e87b835d22c5c6f8c"},
    {file = "ruff-0.11.9-py3-none-macosx_10_12_x86_64.whl", hash = "sha256:66bc18ca783b97186a1f3100e91e492615767ae0a3be584e1266aa9051990722"},
    {file = "ruff-0.11.9-py3-none-macosx_11_0_arm64.whl", hash = "sha256:bd576cd06962825de8aece49f28707662ada6a1ff2db848d1348e12c580acbf1"},
    {file = "ruff-0.11.9-py3-none-manylinux_2_17_aarch64.manylinux2014_aarch64.whl", hash = "sha256:5b1d18b4be8182cc6fddf859ce432cc9631556e9f371ada52f3eaefc10d878de"},
    {file = "ruff-0.11.9-py3-none-manylinux_2_17_armv7l.manylinux2014_armv7l.whl", hash = "sha256:0f3f46f759ac623e94824b1e5a687a0df5cd7f5b00718ff9c24f0a894a683be7"},
    {file = "ruff-0.11.9-py3-none-manylinux_2_17_i686.manylinux2014_i686.whl", hash = "sha256:f34847eea11932d97b521450cf3e1d17863cfa5a94f21a056b93fb86f3f3dba2"},
    {file = "ruff-0.11.9-py3-none-manylinux_2_17_ppc64.manylinux2014_ppc64.whl", hash = "sha256:f33b15e00435773df97cddcd263578aa83af996b913721d86f47f4e0ee0ff271"},
    {file = "ruff-0.11.9-py3-none-manylinux_2_17_ppc64le.manylinux2014_ppc64le.whl", hash = "sha256:7b27613a683b086f2aca8996f63cb3dd7bc49e6eccf590563221f7b43ded3f65"},
    {file = "ruff-0.11.9-py3-none-manylinux_2_17_s390x.manylinux2014_s390x.whl", hash = "sha256:9e0d88756e63e8302e630cee3ce2ffb77859797cc84a830a24473939e6da3ca6"},
    {file = "ruff-0.11.9-py3-none-manylinux_2_17_x86_64.manylinux2014_x86_64.whl", hash = "sha256:537c82c9829d7811e3aa680205f94c81a2958a122ac391c0eb60336ace741a70"},
    {file = "ruff-0.11.9-py3-none-musllinux_1_2_aarch64.whl", hash = "sha256:440ac6a7029f3dee7d46ab7de6f54b19e34c2b090bb4f2480d0a2d635228f381"},
    {file = "ruff-0.11.9-py3-none-musllinux_1_2_armv7l.whl", hash = "sha256:71c539bac63d0788a30227ed4d43b81353c89437d355fdc52e0cda4ce5651787"},
    {file = "ruff-0.11.9-py3-none-musllinux_1_2_i686.whl", hash = "sha256:c67117bc82457e4501473c5f5217d49d9222a360794bfb63968e09e70f340abd"},
    {file = "ruff-0.11.9-py3-none-musllinux_1_2_x86_64.whl", hash = "sha256:e4b78454f97aa454586e8a5557facb40d683e74246c97372af3c2d76901d697b"},
    {file = "ruff-0.11.9-py3-none-win32.whl", hash = "sha256:7fe1bc950e7d7b42caaee2a8a3bc27410547cc032c9558ee2e0f6d3b209e845a"},
    {file = "ruff-0.11.9-py3-none-win_amd64.whl", hash = "sha256:52edaa4a6d70f8180343a5b7f030c7edd36ad180c9f4d224959c2d689962d964"},
    {file = "ruff-0.11.9-py3-none-win_arm64.whl", hash = "sha256:bcf42689c22f2e240f496d0c183ef2c6f7b35e809f12c1db58f75d9aa8d630ca"},
    {file = "ruff-0.11.9.tar.gz", hash = "sha256:ebd58d4f67a00afb3a30bf7d383e52d0e036e6195143c6db7019604a05335517"},
]

[[package]]
name = "sniffio"
version = "1.3.1"
description = "Sniff out which async library your code is running under"
optional = false
python-versions = ">=3.7"
groups = ["main"]
files = [
    {file = "sniffio-1.3.1-py3-none-any.whl", hash = "sha256:2f6da418d1f1e0fddd844478f41680e794e6051915791a034ff65e5f100525a2"},
    {file = "sniffio-1.3.1.tar.gz", hash = "sha256:f4324edc670a0f49750a81b895f35c3adb843cca46f0530f79fc1babb23789dc"},
]

[[package]]
name = "typing-extensions"
version = "4.13.2"
description = "Backported and Experimental Type Hints for Python 3.8+"
optional = false
python-versions = ">=3.8"
groups = ["main", "dev"]
files = [
    {file = "typing_extensions-4.13.2-py3-none-any.whl", hash = "sha256:a439e7c04b49fec3e5d3e2beaa21755cadbbdc391694e28ccdd36ca4a1408f8c"},
    {file = "typing_extensions-4.13.2.tar.gz", hash = "sha256:e6c81219bd689f51865d9e372991c540bda33a0379d5573cddb9a3a23f7caaef"},
]

[[package]]
name = "uvicorn"
version = "0.34.2"
description = "The lightning-fast ASGI server."
optional = false
python-versions = ">=3.9"
groups = ["main"]
files = [
    {file = "uvicorn-0.34.2-py3-none-any.whl", hash = "sha256:deb49af569084536d269fe0a6d67e3754f104cf03aba7c11c40f01aadf33c403"},
    {file = "uvicorn-0.34.2.tar.gz", hash = "sha256:0e929828f6186353a80b58ea719861d2629d766293b6d19baf086ba31d4f3328"},
]

[package.dependencies]
click = ">=7.0"
h11 = ">=0.8"

[package.extras]
standard = ["colorama (>=0.4) ; sys_platform == \"win32\"", "httptools (>=0.6.3)", "python-dotenv (>=0.13)", "pyyaml (>=5.1)", "uvloop (>=0.14.0,!=0.15.0,!=0.15.1) ; sys_platform != \"win32\" and sys_platform != \"cygwin\" and platform_python_implementation != \"PyPy\"", "watchfiles (>=0.13)", "websockets (>=10.4)"]

[[package]]
name = "uvloop"
version = "0.21.0"
description = "Fast implementation of asyncio event loop on top of libuv"
optional = false
python-versions = ">=3.8.0"
groups = ["main"]
files = [
    {file = "uvloop-0.21.0-cp310-cp310-macosx_10_9_universal2.whl", hash = "sha256:ec7e6b09a6fdded42403182ab6b832b71f4edaf7f37a9a0e371a01db5f0cb45f"},
    {file = "uvloop-0.21.0-cp310-cp310-macosx_10_9_x86_64.whl", hash = "sha256:196274f2adb9689a289ad7d65700d37df0c0930fd8e4e743fa4834e850d7719d"},
    {file = "uvloop-0.21.0-cp310-cp310-manylinux_2_17_aarch64.manylinux2014_aarch64.whl", hash = "sha256:f38b2e090258d051d68a5b14d1da7203a3c3677321cf32a95a6f4db4dd8b6f26"},
    {file = "uvloop-0.21.0-cp310-cp310-manylinux_2_17_x86_64.manylinux2014_x86_64.whl", hash = "sha256:87c43e0f13022b998eb9b973b5e97200c8b90823454d4bc06ab33829e09fb9bb"},
    {file = "uvloop-0.21.0-cp310-cp310-musllinux_1_2_aarch64.whl", hash = "sha256:10d66943def5fcb6e7b37310eb6b5639fd2ccbc38df1177262b0640c3ca68c1f"},
    {file = "uvloop-0.21.0-cp310-cp310-musllinux_1_2_x86_64.whl", hash = "sha256:67dd654b8ca23aed0a8e99010b4c34aca62f4b7fce88f39d452ed7622c94845c"},
    {file = "uvloop-0.21.0-cp311-cp311-macosx_10_9_universal2.whl", hash = "sha256:c0f3fa6200b3108919f8bdabb9a7f87f20e7097ea3c543754cabc7d717d95cf8"},
    {file = "uvloop-0.21.0-cp311-cp311-macosx_10_9_x86_64.whl", hash = "sha256:0878c2640cf341b269b7e128b1a5fed890adc4455513ca710d77d5e93aa6d6a0"},
    {file = "uvloop-0.21.0-cp311-cp311-manylinux_2_17_aarch64.manylinux2014_aarch64.whl", hash = "sha256:b9fb766bb57b7388745d8bcc53a359b116b8a04c83a2288069809d2b3466c37e"},
    {file = "uvloop-0.21.0-cp311-cp311-manylinux_2_17_x86_64.manylinux2014_x86_64.whl", hash = "sha256:8a375441696e2eda1c43c44ccb66e04d61ceeffcd76e4929e527b7fa401b90fb"},
    {file = "uvloop-0.21.0-cp311-cp311-musllinux_1_2_aarch64.whl", hash = "sha256:baa0e6291d91649c6ba4ed4b2f982f9fa165b5bbd50a9e203c416a2797bab3c6"},
    {file = "uvloop-0.21.0-cp311-cp311-musllinux_1_2_x86_64.whl", hash = "sha256:4509360fcc4c3bd2c70d87573ad472de40c13387f5fda8cb58350a1d7475e58d"},
    {file = "uvloop-0.21.0-cp312-cp312-macosx_10_13_universal2.whl", hash = "sha256:359ec2c888397b9e592a889c4d72ba3d6befba8b2bb01743f72fffbde663b59c"},
    {file = "uvloop-0.21.0-cp312-cp312-macosx_10_13_x86_64.whl", hash = "sha256:f7089d2dc73179ce5ac255bdf37c236a9f914b264825fdaacaded6990a7fb4c2"},
    {file = "uvloop-0.21.0-cp312-cp312-manylinux_2_17_aarch64.manylinux2014_aarch64.whl", hash = "sha256:baa4dcdbd9ae0a372f2167a207cd98c9f9a1ea1188a8a526431eef2f8116cc8d"},
    {file = "uvloop-0.21.0-cp312-cp312-manylinux_2_17_x86_64.manylinux2014_x86_64.whl", hash = "sha256:86975dca1c773a2c9864f4c52c5a55631038e387b47eaf56210f873887b6c8dc"},
    {file = "uvloop-0.21.0-cp312-cp312-musllinux_1_2_aarch64.whl", hash = "sha256:461d9ae6660fbbafedd07559c6a2e57cd553b34b0065b6550685f6653a98c1cb"},
    {file = "uvloop-0.21.0-cp312-cp312-musllinux_1_2_x86_64.whl", hash = "sha256:183aef7c8730e54c9a3ee3227464daed66e37ba13040bb3f350bc2ddc040f22f"},
    {file = "uvloop-0.21.0-cp313-cp313-macosx_10_13_universal2.whl", hash = "sha256:bfd55dfcc2a512316e65f16e503e9e450cab148ef11df4e4e679b5e8253a5281"},
    {file = "uvloop-0.21.0-cp313-cp313-macosx_10_13_x86_64.whl", hash = "sha256:787ae31ad8a2856fc4e7c095341cccc7209bd657d0e71ad0dc2ea83c4a6fa8af"},
    {file = "uvloop-0.21.0-cp313-cp313-manylinux_2_17_aarch64.manylinux2014_aarch64.whl", hash = "sha256:5ee4d4ef48036ff6e5cfffb09dd192c7a5027153948d85b8da7ff705065bacc6"},
    {file = "uvloop-0.21.0-cp313-cp313-manylinux_2_17_x86_64.manylinux2014_x86_64.whl", hash = "sha256:f3df876acd7ec037a3d005b3ab85a7e4110422e4d9c1571d4fc89b0fc41b6816"},
    {file = "uvloop-0.21.0-cp313-cp313-musllinux_1_2_aarch64.whl", hash = "sha256:bd53ecc9a0f3d87ab847503c2e1552b690362e005ab54e8a48ba97da3924c0dc"},
    {file = "uvloop-0.21.0-cp313-cp313-musllinux_1_2_x86_64.whl", hash = "sha256:a5c39f217ab3c663dc699c04cbd50c13813e31d917642d459fdcec07555cc553"},
    {file = "uvloop-0.21.0-cp38-cp38-macosx_10_9_universal2.whl", hash = "sha256:17df489689befc72c39a08359efac29bbee8eee5209650d4b9f34df73d22e414"},
    {file = "uvloop-0.21.0-cp38-cp38-macosx_10_9_x86_64.whl", hash = "sha256:bc09f0ff191e61c2d592a752423c767b4ebb2986daa9ed62908e2b1b9a9ae206"},
    {file = "uvloop-0.21.0-cp38-cp38-manylinux_2_17_aarch64.manylinux2014_aarch64.whl", hash = "sha256:f0ce1b49560b1d2d8a2977e3ba4afb2414fb46b86a1b64056bc4ab929efdafbe"},
    {file = "uvloop-0.21.0-cp38-cp38-manylinux_2_17_x86_64.manylinux2014_x86_64.whl", hash = "sha256:e678ad6fe52af2c58d2ae3c73dc85524ba8abe637f134bf3564ed07f555c5e79"},
    {file = "uvloop-0.21.0-cp38-cp38-musllinux_1_2_aarch64.whl", hash = "sha256:460def4412e473896ef179a1671b40c039c7012184b627898eea5072ef6f017a"},
    {file = "uvloop-0.21.0-cp38-cp38-musllinux_1_2_x86_64.whl", hash = "sha256:10da8046cc4a8f12c91a1c39d1dd1585c41162a15caaef165c2174db9ef18bdc"},
    {file = "uvloop-0.21.0-cp39-cp39-macosx_10_9_universal2.whl", hash = "sha256:c097078b8031190c934ed0ebfee8cc5f9ba9642e6eb88322b9958b649750f72b"},
    {file = "uvloop-0.21.0-cp39-cp39-macosx_10_9_x86_64.whl", hash = "sha256:46923b0b5ee7fc0020bef24afe7836cb068f5050ca04caf6b487c513dc1a20b2"},
    {file = "uvloop-0.21.0-cp39-cp39-manylinux_2_17_aarch64.manylinux2014_aarch64.whl", hash = "sha256:53e420a3afe22cdcf2a0f4846e377d16e718bc70103d7088a4f7623567ba5fb0"},
    {file = "uvloop-0.21.0-cp39-cp39-manylinux_2_17_x86_64.manylinux2014_x86_64.whl", hash = "sha256:88cb67cdbc0e483da00af0b2c3cdad4b7c61ceb1ee0f33fe00e09c81e3a6cb75"},
    {file = "uvloop-0.21.0-cp39-cp39-musllinux_1_2_aarch64.whl", hash = "sha256:221f4f2a1f46032b403bf3be628011caf75428ee3cc204a22addf96f586b19fd"},
    {file = "uvloop-0.21.0-cp39-cp39-musllinux_1_2_x86_64.whl", hash = "sha256:2d1f581393673ce119355d56da84fe1dd9d2bb8b3d13ce792524e1607139feff"},
    {file = "uvloop-0.21.0.tar.gz", hash = "sha256:3bf12b0fda68447806a7ad847bfa591613177275d35b6724b1ee573faa3704e3"},
]

[package.extras]
dev = ["Cython (>=3.0,<4.0)", "setuptools (>=60)"]
docs = ["Sphinx (>=4.1.2,<4.2.0)", "sphinx-rtd-theme (>=0.5.2,<0.6.0)", "sphinxcontrib-asyncio (>=0.3.0,<0.4.0)"]
test = ["aiohttp (>=3.10.5)", "flake8 (>=5.0,<6.0)", "mypy (>=0.800)", "psutil", "pyOpenSSL (>=23.0.0,<23.1.0)", "pycodestyle (>=2.9.0,<2.10.0)"]

[metadata]
lock-version = "2.1"
python-versions = ">=3.13,<3.14"
content-hash = "30cbf755e61133b1ba35e4907085befc0b41a2bab446851a52dcefd7fe72184b"
